
Microsoft Visual Studio Solution File, Format Version 10.00
# Visual Studio 2008
Project("{FAE04EC0-301F-11D3-BF4B-00C04F79EFBC}") = "features", "features.csproj", "{A6347421-ED62-4F0C-A1B6-F00EE0F7FB5C}"
EndProject
Global
	GlobalSection(SolutionConfigurationPlatforms) = preSolution
		Debug|Any CPU = Debug|Any CPU
		Release|Any CPU = Release|Any CPU
	EndGlobalSection
	GlobalSection(ProjectConfigurationPlatforms) = postSolution
		{A6347421-ED62-4F0C-A1B6-F00EE0F7FB5C}.Debug|Any CPU.ActiveCfg = Debug|Any CPU
		{A6347421-ED62-4F0C-A1B6-F00EE0F7FB5C}.Debug|Any CPU.Build.0 = Debug|Any CPU
		{A6347421-ED62-4F0C-A1B6-F00EE0F7FB5C}.Release|Any CPU.ActiveCfg = Release|Any CPU
		{A6347421-ED62-4F0C-A1B6-F00EE0F7FB5C}.Release|Any CPU.Build.0 = Release|Any CPU
	EndGlobalSection
	GlobalSection(MonoDevelopProperties) = preSolution
		StartupItem = features.csproj
	EndGlobalSection
EndGlobal
